
Microsoft Visual Studio Solution File, Format Version 12.00
# Visual Studio 14
VisualStudioVersion = 14.0.24720.0
MinimumVisualStudioVersion = 10.0.40219.1
Project("{FAE04EC0-301F-11D3-BF4B-00C04F79EFBC}") = "AzureModelRetrainer", "AzureModelRetrainer.csproj", "{0AB54194-5100-45B8-A543-647BEC1CC5C2}"
EndProject
Project("{FAE04EC0-301F-11D3-BF4B-00C04F79EFBC}") = "MLRetrainerLib", "..\MLRetrainerLib\MLRetrainerLib.csproj", "{2B7CED2A-543C-405D-99E9-35D95F3047A1}"
EndProject
Project("{FAE04EC0-301F-11D3-BF4B-00C04F79EFBC}") = "AMLRetrainUsingSQL", "..\AMLRetrainUsingSQL\AMLRetrainUsingSQL.csproj", "{05FE7BC3-C0EF-4B70-BAFF-9DE5FE5D4FDD}"
EndProject
Global
	GlobalSection(SolutionConfigurationPlatforms) = preSolution
		Debug|Any CPU = Debug|Any CPU
		Release|Any CPU = Release|Any CPU
	EndGlobalSection
	GlobalSection(ProjectConfigurationPlatforms) = postSolution
		{0AB54194-5100-45B8-A543-647BEC1CC5C2}.Debug|Any CPU.ActiveCfg = Debug|Any CPU
		{0AB54194-5100-45B8-A543-647BEC1CC5C2}.Debug|Any CPU.Build.0 = Debug|Any CPU
		{0AB54194-5100-45B8-A543-647BEC1CC5C2}.Release|Any CPU.ActiveCfg = Release|Any CPU
		{0AB54194-5100-45B8-A543-647BEC1CC5C2}.Release|Any CPU.Build.0 = Release|Any CPU
		{2B7CED2A-543C-405D-99E9-35D95F3047A1}.Debug|Any CPU.ActiveCfg = Debug|Any CPU
		{2B7CED2A-543C-405D-99E9-35D95F3047A1}.Debug|Any CPU.Build.0 = Debug|Any CPU
		{2B7CED2A-543C-405D-99E9-35D95F3047A1}.Release|Any CPU.ActiveCfg = Release|Any CPU
		{2B7CED2A-543C-405D-99E9-35D95F3047A1}.Release|Any CPU.Build.0 = Release|Any CPU
		{05FE7BC3-C0EF-4B70-BAFF-9DE5FE5D4FDD}.Debug|Any CPU.ActiveCfg = Debug|Any CPU
		{05FE7BC3-C0EF-4B70-BAFF-9DE5FE5D4FDD}.Debug|Any CPU.Build.0 = Debug|Any CPU
		{05FE7BC3-C0EF-4B70-BAFF-9DE5FE5D4FDD}.Release|Any CPU.ActiveCfg = Release|Any CPU
		{05FE7BC3-C0EF-4B70-BAFF-9DE5FE5D4FDD}.Release|Any CPU.Build.0 = Release|Any CPU
	EndGlobalSection
	GlobalSection(SolutionProperties) = preSolution
		HideSolutionNode = FALSE
	EndGlobalSection
EndGlobal
